
Microsoft Visual Studio Solution File, Format Version 12.00
# Visual Studio 15
VisualStudioVersion = 15.0.27428.2037
MinimumVisualStudioVersion = 10.0.40219.1
Project("{9A19103F-16F7-4668-BE54-9A1E7A4F7556}") = "CourseApp", "CourseApp.csproj", "{F528B9AB-1005-440E-B53A-2F69FA0E4269}"
EndProject
Global
	GlobalSection(SolutionConfigurationPlatforms) = preSolution
		Debug|Any CPU = Debug|Any CPU
		Release|Any CPU = Release|Any CPU
	EndGlobalSection
	GlobalSection(ProjectConfigurationPlatforms) = postSolution
		{F528B9AB-1005-440E-B53A-2F69FA0E4269}.Debug|Any CPU.ActiveCfg = Debug|Any CPU
		{F528B9AB-1005-440E-B53A-2F69FA0E4269}.Debug|Any CPU.Build.0 = Debug|Any CPU
		{F528B9AB-1005-440E-B53A-2F69FA0E4269}.Release|Any CPU.ActiveCfg = Release|Any CPU
		{F528B9AB-1005-440E-B53A-2F69FA0E4269}.Release|Any CPU.Build.0 = Release|Any CPU
	EndGlobalSection
	GlobalSection(SolutionProperties) = preSolution
		HideSolutionNode = FALSE
	EndGlobalSection
	GlobalSection(ExtensibilityGlobals) = postSolution
		SolutionGuid = {EBD0D7AB-9FF8-4A12-A428-30AD946F0DD7}
	EndGlobalSection
EndGlobal
